
Microsoft Visual Studio Solution File, Format Version 12.00
Project("{FAE04EC0-301F-11D3-BF4B-00C04F79EFBC}") = "OptometristApp", "OptometristApp.csproj", "{ACA45E18-C51A-4F21-9BB8-FAD08167FBAB}"
EndProject
Project("{2150E333-8FDC-42A3-9474-1A3956D46DE8}") = "Solution Items", "Solution Items", "{CDCB9F2E-2F14-4B87-A3E5-CF6B8371C9EA}"
	ProjectSection(SolutionItems) = preProject
		compose.yaml = compose.yaml
	EndProjectSection
EndProject
Global
	GlobalSection(SolutionConfigurationPlatforms) = preSolution
		Debug|Any CPU = Debug|Any CPU
		Release|Any CPU = Release|Any CPU
	EndGlobalSection
	GlobalSection(ProjectConfigurationPlatforms) = postSolution
		{ACA45E18-C51A-4F21-9BB8-FAD08167FBAB}.Debug|Any CPU.ActiveCfg = Debug|Any CPU
		{ACA45E18-C51A-4F21-9BB8-FAD08167FBAB}.Debug|Any CPU.Build.0 = Debug|Any CPU
		{ACA45E18-C51A-4F21-9BB8-FAD08167FBAB}.Release|Any CPU.ActiveCfg = Release|Any CPU
		{ACA45E18-C51A-4F21-9BB8-FAD08167FBAB}.Release|Any CPU.Build.0 = Release|Any CPU
	EndGlobalSection
EndGlobal
